
Microsoft Visual Studio Solution File, Format Version 12.00
# Visual Studio 15
VisualStudioVersion = 15.0.33026.149
MinimumVisualStudioVersion = 10.0.40219.1
Project("{F14B399A-7131-4C87-9E4B-1186C45EF12D}") = "Reporte_DatosFinancieros", "Reporte_DatosFinancieros\Reporte_DatosFinancieros.rptproj", "{D97EA980-2D18-4713-8675-15FFE1F9C3E7}"
EndProject
Global
	GlobalSection(SolutionConfigurationPlatforms) = preSolution
		Debug|Default = Debug|Default
		DebugLocal|Default = DebugLocal|Default
		Release|Default = Release|Default
	EndGlobalSection
	GlobalSection(ProjectConfigurationPlatforms) = postSolution
		{D97EA980-2D18-4713-8675-15FFE1F9C3E7}.Debug|Default.ActiveCfg = Debug
		{D97EA980-2D18-4713-8675-15FFE1F9C3E7}.Debug|Default.Build.0 = Debug
		{D97EA980-2D18-4713-8675-15FFE1F9C3E7}.Debug|Default.Deploy.0 = Debug
		{D97EA980-2D18-4713-8675-15FFE1F9C3E7}.DebugLocal|Default.ActiveCfg = DebugLocal
		{D97EA980-2D18-4713-8675-15FFE1F9C3E7}.DebugLocal|Default.Build.0 = DebugLocal
		{D97EA980-2D18-4713-8675-15FFE1F9C3E7}.Release|Default.ActiveCfg = Release
		{D97EA980-2D18-4713-8675-15FFE1F9C3E7}.Release|Default.Build.0 = Release
		{D97EA980-2D18-4713-8675-15FFE1F9C3E7}.Release|Default.Deploy.0 = Release
	EndGlobalSection
	GlobalSection(SolutionProperties) = preSolution
		HideSolutionNode = FALSE
	EndGlobalSection
	GlobalSection(ExtensibilityGlobals) = postSolution
		SolutionGuid = {8564FC47-91D3-42BD-9649-D9EF6B7CA87E}
	EndGlobalSection
EndGlobal
